
Microsoft Visual Studio Solution File, Format Version 12.00
# Visual Studio Version 17
VisualStudioVersion = 17.7.34024.191
MinimumVisualStudioVersion = 10.0.40219.1
Project("{FAE04EC0-301F-11D3-BF4B-00C04F79EFBC}") = "Laba1", "Laba1.csproj", "{8A2F450E-E330-4DA8-AD61-637A2F7FFF8C}"
EndProject
Global
	GlobalSection(SolutionConfigurationPlatforms) = preSolution
		Debug|Any CPU = Debug|Any CPU
		Release|Any CPU = Release|Any CPU
	EndGlobalSection
	GlobalSection(ProjectConfigurationPlatforms) = postSolution
		{8A2F450E-E330-4DA8-AD61-637A2F7FFF8C}.Debug|Any CPU.ActiveCfg = Debug|Any CPU
		{8A2F450E-E330-4DA8-AD61-637A2F7FFF8C}.Debug|Any CPU.Build.0 = Debug|Any CPU
		{8A2F450E-E330-4DA8-AD61-637A2F7FFF8C}.Release|Any CPU.ActiveCfg = Release|Any CPU
		{8A2F450E-E330-4DA8-AD61-637A2F7FFF8C}.Release|Any CPU.Build.0 = Release|Any CPU
	EndGlobalSection
	GlobalSection(SolutionProperties) = preSolution
		HideSolutionNode = FALSE
	EndGlobalSection
	GlobalSection(ExtensibilityGlobals) = postSolution
		SolutionGuid = {C4CAF505-1737-4380-B741-586257820BF4}
	EndGlobalSection
EndGlobal
